// !$*UTF8*$!
{
	archiveVersion = 1;
	classes = {
	};
	objectVersion = 51;
	objects = {

/* Begin PBXBuildFile section */
		023F642D26A4089D001DCF6B /* CreateView.swift in Sources */ = {isa = PBXBuildFile; fileRef = 023F642C26A4089D001DCF6B /* CreateView.swift */; };
		023F642F26A40943001DCF6B /* DropdownView.swift in Sources */ = {isa = PBXBuildFile; fileRef = 023F642E26A40943001DCF6B /* DropdownView.swift */; };
		024838D526A52C0400B96D24 /* CreateChallengeViewModel.swift in Sources */ = {isa = PBXBuildFile; fileRef = 024838D426A52C0400B96D24 /* CreateChallengeViewModel.swift */; };
		024838D726A52CE200B96D24 /* DropdownItemProtocol.swift in Sources */ = {isa = PBXBuildFile; fileRef = 024838D626A52CE200B96D24 /* DropdownItemProtocol.swift */; };
		02827AFF26BA466B00DB86E6 /* Challenge.swift in Sources */ = {isa = PBXBuildFile; fileRef = 02827AFE26BA466B00DB86E6 /* Challenge.swift */; };
		02827B0126BA476A00DB86E6 /* ChallengeService.swift in Sources */ = {isa = PBXBuildFile; fileRef = 02827B0026BA476A00DB86E6 /* ChallengeService.swift */; };
		02827B0326BA777200DB86E6 /* IncrementError.swift in Sources */ = {isa = PBXBuildFile; fileRef = 02827B0226BA777200DB86E6 /* IncrementError.swift */; };
		02827B0626BB9BE800DB86E6 /* AuthPublisher.swift in Sources */ = {isa = PBXBuildFile; fileRef = 02827B0526BB9BE800DB86E6 /* AuthPublisher.swift */; };
		02827B0826C08FD000DB86E6 /* TabContainerView.swift in Sources */ = {isa = PBXBuildFile; fileRef = 02827B0726C08FD000DB86E6 /* TabContainerView.swift */; };
		02827B0A26C0904900DB86E6 /* TabContainerViewModel.swift in Sources */ = {isa = PBXBuildFile; fileRef = 02827B0926C0904900DB86E6 /* TabContainerViewModel.swift */; };
		02827B0C26C10F1400DB86E6 /* ChallengeListView.swift in Sources */ = {isa = PBXBuildFile; fileRef = 02827B0B26C10F1400DB86E6 /* ChallengeListView.swift */; };
		02827B0E26C10F4400DB86E6 /* ChallengeListViewModel.swift in Sources */ = {isa = PBXBuildFile; fileRef = 02827B0D26C10F4400DB86E6 /* ChallengeListViewModel.swift */; };
		02827B1026C1103600DB86E6 /* QuerySnapshotPublisher.swift in Sources */ = {isa = PBXBuildFile; fileRef = 02827B0F26C1103600DB86E6 /* QuerySnapshotPublisher.swift */; };
		0290E06826B8D84F00C39D08 /* GoogleService-Info.plist in Resources */ = {isa = PBXBuildFile; fileRef = 0290E06726B8D84F00C39D08 /* GoogleService-Info.plist */; };
		029691DA26A415C000B2AA5D /* RemindView.swift in Sources */ = {isa = PBXBuildFile; fileRef = 029691D926A415C000B2AA5D /* RemindView.swift */; };
		02D340FA26B9052500145932 /* UserService.swift in Sources */ = {isa = PBXBuildFile; fileRef = 02D340F926B9052500145932 /* UserService.swift */; };
		02D842BB26A27ADD00C83BA1 /* IncrementApp.swift in Sources */ = {isa = PBXBuildFile; fileRef = 02D842BA26A27ADD00C83BA1 /* IncrementApp.swift */; };
		02D842BD26A27ADD00C83BA1 /* LandingView.swift in Sources */ = {isa = PBXBuildFile; fileRef = 02D842BC26A27ADD00C83BA1 /* LandingView.swift */; };
		02D842BF26A27ADE00C83BA1 /* Assets.xcassets in Resources */ = {isa = PBXBuildFile; fileRef = 02D842BE26A27ADE00C83BA1 /* Assets.xcassets */; };
		02D842C226A27ADE00C83BA1 /* Preview Assets.xcassets in Resources */ = {isa = PBXBuildFile; fileRef = 02D842C126A27ADE00C83BA1 /* Preview Assets.xcassets */; };
		02D842CD26A27ADE00C83BA1 /* IncrementTests.swift in Sources */ = {isa = PBXBuildFile; fileRef = 02D842CC26A27ADE00C83BA1 /* IncrementTests.swift */; };
		02D842D826A27ADE00C83BA1 /* IncrementUITests.swift in Sources */ = {isa = PBXBuildFile; fileRef = 02D842D726A27ADE00C83BA1 /* IncrementUITests.swift */; };
		02D842E626A2826C00C83BA1 /* PrimaryButtonStyle.swift in Sources */ = {isa = PBXBuildFile; fileRef = 02D842E526A2826C00C83BA1 /* PrimaryButtonStyle.swift */; };
		02D842E826A2845E00C83BA1 /* ColorExtensions.swift in Sources */ = {isa = PBXBuildFile; fileRef = 02D842E726A2845E00C83BA1 /* ColorExtensions.swift */; };
		02E2E57426CA430F00FFFA22 /* ChallengeItemViewModel.swift in Sources */ = {isa = PBXBuildFile; fileRef = 02E2E57326CA430F00FFFA22 /* ChallengeItemViewModel.swift */; };
		248713D7DB40556AD07CF566 /* Pods_Increment_IncrementUITests.framework in Frameworks */ = {isa = PBXBuildFile; fileRef = D7856254082190AC787D33C6 /* Pods_Increment_IncrementUITests.framework */; };
		96374C83B284280C834A5CD2 /* Pods_Increment.framework in Frameworks */ = {isa = PBXBuildFile; fileRef = 685DAB727FDC4AF85AC3596E /* Pods_Increment.framework */; };
		DF634EE2DB431FE9F1A3D78C /* Pods_IncrementTests.framework in Frameworks */ = {isa = PBXBuildFile; fileRef = A52E48C3BC3F8DD231AB0176 /* Pods_IncrementTests.framework */; };
/* End PBXBuildFile section */

/* Begin PBXContainerItemProxy section */
		02D842C926A27ADE00C83BA1 /* PBXContainerItemProxy */ = {
			isa = PBXContainerItemProxy;
			containerPortal = 02D842AF26A27ADD00C83BA1 /* Project object */;
			proxyType = 1;
			remoteGlobalIDString = 02D842B626A27ADD00C83BA1;
			remoteInfo = Increment;
		};
		02D842D426A27ADE00C83BA1 /* PBXContainerItemProxy */ = {
			isa = PBXContainerItemProxy;
			containerPortal = 02D842AF26A27ADD00C83BA1 /* Project object */;
			proxyType = 1;
			remoteGlobalIDString = 02D842B626A27ADD00C83BA1;
			remoteInfo = Increment;
		};
/* End PBXContainerItemProxy section */

/* Begin PBXFileReference section */
		023F642C26A4089D001DCF6B /* CreateView.swift */ = {isa = PBXFileReference; lastKnownFileType = sourcecode.swift; path = CreateView.swift; sourceTree = "<group>"; };
		023F642E26A40943001DCF6B /* DropdownView.swift */ = {isa = PBXFileReference; lastKnownFileType = sourcecode.swift; path = DropdownView.swift; sourceTree = "<group>"; };
		024838D426A52C0400B96D24 /* CreateChallengeViewModel.swift */ = {isa = PBXFileReference; lastKnownFileType = sourcecode.swift; path = CreateChallengeViewModel.swift; sourceTree = "<group>"; };
		024838D626A52CE200B96D24 /* DropdownItemProtocol.swift */ = {isa = PBXFileReference; lastKnownFileType = sourcecode.swift; path = DropdownItemProtocol.swift; sourceTree = "<group>"; };
		02827AFE26BA466B00DB86E6 /* Challenge.swift */ = {isa = PBXFileReference; lastKnownFileType = sourcecode.swift; path = Challenge.swift; sourceTree = "<group>"; };
		02827B0026BA476A00DB86E6 /* ChallengeService.swift */ = {isa = PBXFileReference; lastKnownFileType = sourcecode.swift; path = ChallengeService.swift; sourceTree = "<group>"; };
		02827B0226BA777200DB86E6 /* IncrementError.swift */ = {isa = PBXFileReference; lastKnownFileType = sourcecode.swift; path = IncrementError.swift; sourceTree = "<group>"; };
		02827B0526BB9BE800DB86E6 /* AuthPublisher.swift */ = {isa = PBXFileReference; lastKnownFileType = sourcecode.swift; path = AuthPublisher.swift; sourceTree = "<group>"; };
		02827B0726C08FD000DB86E6 /* TabContainerView.swift */ = {isa = PBXFileReference; lastKnownFileType = sourcecode.swift; path = TabContainerView.swift; sourceTree = "<group>"; };
		02827B0926C0904900DB86E6 /* TabContainerViewModel.swift */ = {isa = PBXFileReference; lastKnownFileType = sourcecode.swift; path = TabContainerViewModel.swift; sourceTree = "<group>"; };
		02827B0B26C10F1400DB86E6 /* ChallengeListView.swift */ = {isa = PBXFileReference; lastKnownFileType = sourcecode.swift; path = ChallengeListView.swift; sourceTree = "<group>"; };
		02827B0D26C10F4400DB86E6 /* ChallengeListViewModel.swift */ = {isa = PBXFileReference; lastKnownFileType = sourcecode.swift; path = ChallengeListViewModel.swift; sourceTree = "<group>"; };
		02827B0F26C1103600DB86E6 /* QuerySnapshotPublisher.swift */ = {isa = PBXFileReference; lastKnownFileType = sourcecode.swift; path = QuerySnapshotPublisher.swift; sourceTree = "<group>"; };
		0290E06726B8D84F00C39D08 /* GoogleService-Info.plist */ = {isa = PBXFileReference; fileEncoding = 4; lastKnownFileType = text.plist.xml; path = "GoogleService-Info.plist"; sourceTree = "<group>"; };
		029691D926A415C000B2AA5D /* RemindView.swift */ = {isa = PBXFileReference; lastKnownFileType = sourcecode.swift; path = RemindView.swift; sourceTree = "<group>"; };
		02D340F926B9052500145932 /* UserService.swift */ = {isa = PBXFileReference; lastKnownFileType = sourcecode.swift; path = UserService.swift; sourceTree = "<group>"; };
		02D842B726A27ADD00C83BA1 /* Increment.app */ = {isa = PBXFileReference; explicitFileType = wrapper.application; includeInIndex = 0; path = Increment.app; sourceTree = BUILT_PRODUCTS_DIR; };
		02D842BA26A27ADD00C83BA1 /* IncrementApp.swift */ = {isa = PBXFileReference; lastKnownFileType = sourcecode.swift; path = IncrementApp.swift; sourceTree = "<group>"; };
		02D842BC26A27ADD00C83BA1 /* LandingView.swift */ = {isa = PBXFileReference; lastKnownFileType = sourcecode.swift; path = LandingView.swift; sourceTree = "<group>"; };
		02D842BE26A27ADE00C83BA1 /* Assets.xcassets */ = {isa = PBXFileReference; lastKnownFileType = folder.assetcatalog; path = Assets.xcassets; sourceTree = "<group>"; };
		02D842C126A27ADE00C83BA1 /* Preview Assets.xcassets */ = {isa = PBXFileReference; lastKnownFileType = folder.assetcatalog; path = "Preview Assets.xcassets"; sourceTree = "<group>"; };
		02D842C326A27ADE00C83BA1 /* Info.plist */ = {isa = PBXFileReference; lastKnownFileType = text.plist.xml; path = Info.plist; sourceTree = "<group>"; };
		02D842C826A27ADE00C83BA1 /* IncrementTests.xctest */ = {isa = PBXFileReference; explicitFileType = wrapper.cfbundle; includeInIndex = 0; path = IncrementTests.xctest; sourceTree = BUILT_PRODUCTS_DIR; };
		02D842CC26A27ADE00C83BA1 /* IncrementTests.swift */ = {isa = PBXFileReference; lastKnownFileType = sourcecode.swift; path = IncrementTests.swift; sourceTree = "<group>"; };
		02D842CE26A27ADE00C83BA1 /* Info.plist */ = {isa = PBXFileReference; lastKnownFileType = text.plist.xml; path = Info.plist; sourceTree = "<group>"; };
		02D842D326A27ADE00C83BA1 /* IncrementUITests.xctest */ = {isa = PBXFileReference; explicitFileType = wrapper.cfbundle; includeInIndex = 0; path = IncrementUITests.xctest; sourceTree = BUILT_PRODUCTS_DIR; };
		02D842D726A27ADE00C83BA1 /* IncrementUITests.swift */ = {isa = PBXFileReference; lastKnownFileType = sourcecode.swift; path = IncrementUITests.swift; sourceTree = "<group>"; };
		02D842D926A27ADE00C83BA1 /* Info.plist */ = {isa = PBXFileReference; lastKnownFileType = text.plist.xml; path = Info.plist; sourceTree = "<group>"; };
		02D842E526A2826C00C83BA1 /* PrimaryButtonStyle.swift */ = {isa = PBXFileReference; lastKnownFileType = sourcecode.swift; path = PrimaryButtonStyle.swift; sourceTree = "<group>"; };
		02D842E726A2845E00C83BA1 /* ColorExtensions.swift */ = {isa = PBXFileReference; lastKnownFileType = sourcecode.swift; path = ColorExtensions.swift; sourceTree = "<group>"; };
		02E2E57326CA430F00FFFA22 /* ChallengeItemViewModel.swift */ = {isa = PBXFileReference; lastKnownFileType = sourcecode.swift; path = ChallengeItemViewModel.swift; sourceTree = "<group>"; };
		0E3492323706E5CD8A521264 /* Pods-IncrementTests.release.xcconfig */ = {isa = PBXFileReference; includeInIndex = 1; lastKnownFileType = text.xcconfig; name = "Pods-IncrementTests.release.xcconfig"; path = "Target Support Files/Pods-IncrementTests/Pods-IncrementTests.release.xcconfig"; sourceTree = "<group>"; };
		31A8DB6E679E853A3EECAC81 /* Pods-Increment-IncrementUITests.release.xcconfig */ = {isa = PBXFileReference; includeInIndex = 1; lastKnownFileType = text.xcconfig; name = "Pods-Increment-IncrementUITests.release.xcconfig"; path = "Target Support Files/Pods-Increment-IncrementUITests/Pods-Increment-IncrementUITests.release.xcconfig"; sourceTree = "<group>"; };
		685DAB727FDC4AF85AC3596E /* Pods_Increment.framework */ = {isa = PBXFileReference; explicitFileType = wrapper.framework; includeInIndex = 0; path = Pods_Increment.framework; sourceTree = BUILT_PRODUCTS_DIR; };
		7D41C1F24E390FA0022B5AF4 /* Pods-Increment-IncrementUITests.debug.xcconfig */ = {isa = PBXFileReference; includeInIndex = 1; lastKnownFileType = text.xcconfig; name = "Pods-Increment-IncrementUITests.debug.xcconfig"; path = "Target Support Files/Pods-Increment-IncrementUITests/Pods-Increment-IncrementUITests.debug.xcconfig"; sourceTree = "<group>"; };
		A52E48C3BC3F8DD231AB0176 /* Pods_IncrementTests.framework */ = {isa = PBXFileReference; explicitFileType = wrapper.framework; includeInIndex = 0; path = Pods_IncrementTests.framework; sourceTree = BUILT_PRODUCTS_DIR; };
		C7659F3D700C012AADA850CC /* Pods-Increment.release.xcconfig */ = {isa = PBXFileReference; includeInIndex = 1; lastKnownFileType = text.xcconfig; name = "Pods-Increment.release.xcconfig"; path = "Target Support Files/Pods-Increment/Pods-Increment.release.xcconfig"; sourceTree = "<group>"; };
		D7856254082190AC787D33C6 /* Pods_Increment_IncrementUITests.framework */ = {isa = PBXFileReference; explicitFileType = wrapper.framework; includeInIndex = 0; path = Pods_Increment_IncrementUITests.framework; sourceTree = BUILT_PRODUCTS_DIR; };
		F2587E283A245684180DEB7E /* Pods-IncrementTests.debug.xcconfig */ = {isa = PBXFileReference; includeInIndex = 1; lastKnownFileType = text.xcconfig; name = "Pods-IncrementTests.debug.xcconfig"; path = "Target Support Files/Pods-IncrementTests/Pods-IncrementTests.debug.xcconfig"; sourceTree = "<group>"; };
		FFBCE3ECED35669B003B01CD /* Pods-Increment.debug.xcconfig */ = {isa = PBXFileReference; includeInIndex = 1; lastKnownFileType = text.xcconfig; name = "Pods-Increment.debug.xcconfig"; path = "Target Support Files/Pods-Increment/Pods-Increment.debug.xcconfig"; sourceTree = "<group>"; };
/* End PBXFileReference section */

/* Begin PBXFrameworksBuildPhase section */
		02D842B426A27ADD00C83BA1 /* Frameworks */ = {
			isa = PBXFrameworksBuildPhase;
			buildActionMask = 2147483647;
			files = (
				96374C83B284280C834A5CD2 /* Pods_Increment.framework in Frameworks */,
			);
			runOnlyForDeploymentPostprocessing = 0;
		};
		02D842C526A27ADE00C83BA1 /* Frameworks */ = {
			isa = PBXFrameworksBuildPhase;
			buildActionMask = 2147483647;
			files = (
				DF634EE2DB431FE9F1A3D78C /* Pods_IncrementTests.framework in Frameworks */,
			);
			runOnlyForDeploymentPostprocessing = 0;
		};
		02D842D026A27ADE00C83BA1 /* Frameworks */ = {
			isa = PBXFrameworksBuildPhase;
			buildActionMask = 2147483647;
			files = (
				248713D7DB40556AD07CF566 /* Pods_Increment_IncrementUITests.framework in Frameworks */,
			);
			runOnlyForDeploymentPostprocessing = 0;
		};
/* End PBXFrameworksBuildPhase section */

/* Begin PBXGroup section */
		023F642926A3F04A001DCF6B /* UI */ = {
			isa = PBXGroup;
			children = (
				024838D326A52BE900B96D24 /* ViewModels */,
				023F642B26A3F095001DCF6B /* Helpers */,
				023F642A26A3F07D001DCF6B /* Modifiers */,
				02D842BC26A27ADD00C83BA1 /* LandingView.swift */,
				023F642C26A4089D001DCF6B /* CreateView.swift */,
				023F642E26A40943001DCF6B /* DropdownView.swift */,
				029691D926A415C000B2AA5D /* RemindView.swift */,
				02827B0726C08FD000DB86E6 /* TabContainerView.swift */,
				02827B0B26C10F1400DB86E6 /* ChallengeListView.swift */,
			);
			path = UI;
			sourceTree = "<group>";
		};
		023F642A26A3F07D001DCF6B /* Modifiers */ = {
			isa = PBXGroup;
			children = (
				02D842E526A2826C00C83BA1 /* PrimaryButtonStyle.swift */,
			);
			path = Modifiers;
			sourceTree = "<group>";
		};
		023F642B26A3F095001DCF6B /* Helpers */ = {
			isa = PBXGroup;
			children = (
				02D842E726A2845E00C83BA1 /* ColorExtensions.swift */,
			);
			path = Helpers;
			sourceTree = "<group>";
		};
		024838D326A52BE900B96D24 /* ViewModels */ = {
			isa = PBXGroup;
			children = (
				024838D426A52C0400B96D24 /* CreateChallengeViewModel.swift */,
				024838D626A52CE200B96D24 /* DropdownItemProtocol.swift */,
				02827B0926C0904900DB86E6 /* TabContainerViewModel.swift */,
				02827B0D26C10F4400DB86E6 /* ChallengeListViewModel.swift */,
				02E2E57326CA430F00FFFA22 /* ChallengeItemViewModel.swift */,
			);
			path = ViewModels;
			sourceTree = "<group>";
		};
		02827AFD26BA465500DB86E6 /* Models */ = {
			isa = PBXGroup;
			children = (
				02827AFE26BA466B00DB86E6 /* Challenge.swift */,
			);
			path = Models;
			sourceTree = "<group>";
		};
		02827B0426BB9BB700DB86E6 /* Publishers */ = {
			isa = PBXGroup;
			children = (
				02827B0526BB9BE800DB86E6 /* AuthPublisher.swift */,
				02827B0F26C1103600DB86E6 /* QuerySnapshotPublisher.swift */,
			);
			path = Publishers;
			sourceTree = "<group>";
		};
		02D340F826B904FF00145932 /* Services */ = {
			isa = PBXGroup;
			children = (
				02D340F926B9052500145932 /* UserService.swift */,
				02827B0026BA476A00DB86E6 /* ChallengeService.swift */,
			);
			path = Services;
			sourceTree = "<group>";
		};
		02D842AE26A27ADD00C83BA1 = {
			isa = PBXGroup;
			children = (
				02D842B926A27ADD00C83BA1 /* Increment */,
				02D842CB26A27ADE00C83BA1 /* IncrementTests */,
				02D842D626A27ADE00C83BA1 /* IncrementUITests */,
				02D842B826A27ADD00C83BA1 /* Products */,
				32F77B4BDDBED457CEE72786 /* Pods */,
				936EF408C2FDFB6284D728FD /* Frameworks */,
			);
			sourceTree = "<group>";
		};
		02D842B826A27ADD00C83BA1 /* Products */ = {
			isa = PBXGroup;
			children = (
				02D842B726A27ADD00C83BA1 /* Increment.app */,
				02D842C826A27ADE00C83BA1 /* IncrementTests.xctest */,
				02D842D326A27ADE00C83BA1 /* IncrementUITests.xctest */,
			);
			name = Products;
			sourceTree = "<group>";
		};
		02D842B926A27ADD00C83BA1 /* Increment */ = {
			isa = PBXGroup;
			children = (
				02827B0426BB9BB700DB86E6 /* Publishers */,
				02827AFD26BA465500DB86E6 /* Models */,
				02D340F826B904FF00145932 /* Services */,
				0290E06726B8D84F00C39D08 /* GoogleService-Info.plist */,
				023F642926A3F04A001DCF6B /* UI */,
				02D842BA26A27ADD00C83BA1 /* IncrementApp.swift */,
				02D842BE26A27ADE00C83BA1 /* Assets.xcassets */,
				02D842C326A27ADE00C83BA1 /* Info.plist */,
				02D842C026A27ADE00C83BA1 /* Preview Content */,
				02827B0226BA777200DB86E6 /* IncrementError.swift */,
			);
			path = Increment;
			sourceTree = "<group>";
		};
		02D842C026A27ADE00C83BA1 /* Preview Content */ = {
			isa = PBXGroup;
			children = (
				02D842C126A27ADE00C83BA1 /* Preview Assets.xcassets */,
			);
			path = "Preview Content";
			sourceTree = "<group>";
		};
		02D842CB26A27ADE00C83BA1 /* IncrementTests */ = {
			isa = PBXGroup;
			children = (
				02D842CC26A27ADE00C83BA1 /* IncrementTests.swift */,
				02D842CE26A27ADE00C83BA1 /* Info.plist */,
			);
			path = IncrementTests;
			sourceTree = "<group>";
		};
		02D842D626A27ADE00C83BA1 /* IncrementUITests */ = {
			isa = PBXGroup;
			children = (
				02D842D726A27ADE00C83BA1 /* IncrementUITests.swift */,
				02D842D926A27ADE00C83BA1 /* Info.plist */,
			);
			path = IncrementUITests;
			sourceTree = "<group>";
		};
		32F77B4BDDBED457CEE72786 /* Pods */ = {
			isa = PBXGroup;
			children = (
				FFBCE3ECED35669B003B01CD /* Pods-Increment.debug.xcconfig */,
				C7659F3D700C012AADA850CC /* Pods-Increment.release.xcconfig */,
				7D41C1F24E390FA0022B5AF4 /* Pods-Increment-IncrementUITests.debug.xcconfig */,
				31A8DB6E679E853A3EECAC81 /* Pods-Increment-IncrementUITests.release.xcconfig */,
				F2587E283A245684180DEB7E /* Pods-IncrementTests.debug.xcconfig */,
				0E3492323706E5CD8A521264 /* Pods-IncrementTests.release.xcconfig */,
			);
			path = Pods;
			sourceTree = "<group>";
		};
		936EF408C2FDFB6284D728FD /* Frameworks */ = {
			isa = PBXGroup;
			children = (
				685DAB727FDC4AF85AC3596E /* Pods_Increment.framework */,
				D7856254082190AC787D33C6 /* Pods_Increment_IncrementUITests.framework */,
				A52E48C3BC3F8DD231AB0176 /* Pods_IncrementTests.framework */,
			);
			name = Frameworks;
			sourceTree = "<group>";
		};
/* End PBXGroup section */

/* Begin PBXNativeTarget section */
		02D842B626A27ADD00C83BA1 /* Increment */ = {
			isa = PBXNativeTarget;
			buildConfigurationList = 02D842DC26A27ADE00C83BA1 /* Build configuration list for PBXNativeTarget "Increment" */;
			buildPhases = (
				E34D78155A2497CE58944BAD /* [CP] Check Pods Manifest.lock */,
				02D842B326A27ADD00C83BA1 /* Sources */,
				02D842B426A27ADD00C83BA1 /* Frameworks */,
				02D842B526A27ADD00C83BA1 /* Resources */,
				D097D97D8C0D67EE1EC4564B /* [CP] Embed Pods Frameworks */,
			);
			buildRules = (
			);
			dependencies = (
			);
			name = Increment;
			productName = Increment;
			productReference = 02D842B726A27ADD00C83BA1 /* Increment.app */;
			productType = "com.apple.product-type.application";
		};
		02D842C726A27ADE00C83BA1 /* IncrementTests */ = {
			isa = PBXNativeTarget;
			buildConfigurationList = 02D842DF26A27ADE00C83BA1 /* Build configuration list for PBXNativeTarget "IncrementTests" */;
			buildPhases = (
				A3ADBC14DE1937D5000F4C0F /* [CP] Check Pods Manifest.lock */,
				02D842C426A27ADE00C83BA1 /* Sources */,
				02D842C526A27ADE00C83BA1 /* Frameworks */,
				02D842C626A27ADE00C83BA1 /* Resources */,
			);
			buildRules = (
			);
			dependencies = (
				02D842CA26A27ADE00C83BA1 /* PBXTargetDependency */,
			);
			name = IncrementTests;
			productName = IncrementTests;
			productReference = 02D842C826A27ADE00C83BA1 /* IncrementTests.xctest */;
			productType = "com.apple.product-type.bundle.unit-test";
		};
		02D842D226A27ADE00C83BA1 /* IncrementUITests */ = {
			isa = PBXNativeTarget;
			buildConfigurationList = 02D842E226A27ADE00C83BA1 /* Build configuration list for PBXNativeTarget "IncrementUITests" */;
			buildPhases = (
				D074DF42F7DF59D730DF0A89 /* [CP] Check Pods Manifest.lock */,
				02D842CF26A27ADE00C83BA1 /* Sources */,
				02D842D026A27ADE00C83BA1 /* Frameworks */,
				02D842D126A27ADE00C83BA1 /* Resources */,
				2E27E07A4746729DA6F5B64B /* [CP] Embed Pods Frameworks */,
			);
			buildRules = (
			);
			dependencies = (
				02D842D526A27ADE00C83BA1 /* PBXTargetDependency */,
			);
			name = IncrementUITests;
			productName = IncrementUITests;
			productReference = 02D842D326A27ADE00C83BA1 /* IncrementUITests.xctest */;
			productType = "com.apple.product-type.bundle.ui-testing";
		};
/* End PBXNativeTarget section */

/* Begin PBXProject section */
		02D842AF26A27ADD00C83BA1 /* Project object */ = {
			isa = PBXProject;
			attributes = {
				LastSwiftUpdateCheck = 1250;
				LastUpgradeCheck = 1250;
				TargetAttributes = {
					02D842B626A27ADD00C83BA1 = {
						CreatedOnToolsVersion = 12.5.1;
					};
					02D842C726A27ADE00C83BA1 = {
						CreatedOnToolsVersion = 12.5.1;
						TestTargetID = 02D842B626A27ADD00C83BA1;
					};
					02D842D226A27ADE00C83BA1 = {
						CreatedOnToolsVersion = 12.5.1;
						TestTargetID = 02D842B626A27ADD00C83BA1;
					};
				};
			};
			buildConfigurationList = 02D842B226A27ADD00C83BA1 /* Build configuration list for PBXProject "Increment" */;
			compatibilityVersion = "Xcode 9.3";
			developmentRegion = en;
			hasScannedForEncodings = 0;
			knownRegions = (
				en,
				Base,
			);
			mainGroup = 02D842AE26A27ADD00C83BA1;
			productRefGroup = 02D842B826A27ADD00C83BA1 /* Products */;
			projectDirPath = "";
			projectRoot = "";
			targets = (
				02D842B626A27ADD00C83BA1 /* Increment */,
				02D842C726A27ADE00C83BA1 /* IncrementTests */,
				02D842D226A27ADE00C83BA1 /* IncrementUITests */,
			);
		};
/* End PBXProject section */

/* Begin PBXResourcesBuildPhase section */
		02D842B526A27ADD00C83BA1 /* Resources */ = {
			isa = PBXResourcesBuildPhase;
			buildActionMask = 2147483647;
			files = (
				02D842C226A27ADE00C83BA1 /* Preview Assets.xcassets in Resources */,
				02D842BF26A27ADE00C83BA1 /* Assets.xcassets in Resources */,
				0290E06826B8D84F00C39D08 /* GoogleService-Info.plist in Resources */,
			);
			runOnlyForDeploymentPostprocessing = 0;
		};
		02D842C626A27ADE00C83BA1 /* Resources */ = {
			isa = PBXResourcesBuildPhase;
			buildActionMask = 2147483647;
			files = (
			);
			runOnlyForDeploymentPostprocessing = 0;
		};
		02D842D126A27ADE00C83BA1 /* Resources */ = {
			isa = PBXResourcesBuildPhase;
			buildActionMask = 2147483647;
			files = (
			);
			runOnlyForDeploymentPostprocessing = 0;
		};
/* End PBXResourcesBuildPhase section */

/* Begin PBXShellScriptBuildPhase section */
		2E27E07A4746729DA6F5B64B /* [CP] Embed Pods Frameworks */ = {
			isa = PBXShellScriptBuildPhase;
			buildActionMask = 2147483647;
			files = (
			);
			inputFileListPaths = (
				"${PODS_ROOT}/Target Support Files/Pods-Increment-IncrementUITests/Pods-Increment-IncrementUITests-frameworks-${CONFIGURATION}-input-files.xcfilelist",
			);
			name = "[CP] Embed Pods Frameworks";
			outputFileListPaths = (
				"${PODS_ROOT}/Target Support Files/Pods-Increment-IncrementUITests/Pods-Increment-IncrementUITests-frameworks-${CONFIGURATION}-output-files.xcfilelist",
			);
			runOnlyForDeploymentPostprocessing = 0;
			shellPath = /bin/sh;
			shellScript = "\"${PODS_ROOT}/Target Support Files/Pods-Increment-IncrementUITests/Pods-Increment-IncrementUITests-frameworks.sh\"\n";
			showEnvVarsInLog = 0;
		};
		A3ADBC14DE1937D5000F4C0F /* [CP] Check Pods Manifest.lock */ = {
			isa = PBXShellScriptBuildPhase;
			buildActionMask = 2147483647;
			files = (
			);
			inputFileListPaths = (
			);
			inputPaths = (
				"${PODS_PODFILE_DIR_PATH}/Podfile.lock",
				"${PODS_ROOT}/Manifest.lock",
			);
			name = "[CP] Check Pods Manifest.lock";
			outputFileListPaths = (
			);
			outputPaths = (
				"$(DERIVED_FILE_DIR)/Pods-IncrementTests-checkManifestLockResult.txt",
			);
			runOnlyForDeploymentPostprocessing = 0;
			shellPath = /bin/sh;
			shellScript = "diff \"${PODS_PODFILE_DIR_PATH}/Podfile.lock\" \"${PODS_ROOT}/Manifest.lock\" > /dev/null\nif [ $? != 0 ] ; then\n    # print error to STDERR\n    echo \"error: The sandbox is not in sync with the Podfile.lock. Run 'pod install' or update your CocoaPods installation.\" >&2\n    exit 1\nfi\n# This output is used by Xcode 'outputs' to avoid re-running this script phase.\necho \"SUCCESS\" > \"${SCRIPT_OUTPUT_FILE_0}\"\n";
			showEnvVarsInLog = 0;
		};
		D074DF42F7DF59D730DF0A89 /* [CP] Check Pods Manifest.lock */ = {
			isa = PBXShellScriptBuildPhase;
			buildActionMask = 2147483647;
			files = (
			);
			inputFileListPaths = (
			);
			inputPaths = (
				"${PODS_PODFILE_DIR_PATH}/Podfile.lock",
				"${PODS_ROOT}/Manifest.lock",
			);
			name = "[CP] Check Pods Manifest.lock";
			outputFileListPaths = (
			);
			outputPaths = (
				"$(DERIVED_FILE_DIR)/Pods-Increment-IncrementUITests-checkManifestLockResult.txt",
			);
			runOnlyForDeploymentPostprocessing = 0;
			shellPath = /bin/sh;
			shellScript = "diff \"${PODS_PODFILE_DIR_PATH}/Podfile.lock\" \"${PODS_ROOT}/Manifest.lock\" > /dev/null\nif [ $? != 0 ] ; then\n    # print error to STDERR\n    echo \"error: The sandbox is not in sync with the Podfile.lock. Run 'pod install' or update your CocoaPods installation.\" >&2\n    exit 1\nfi\n# This output is used by Xcode 'outputs' to avoid re-running this script phase.\necho \"SUCCESS\" > \"${SCRIPT_OUTPUT_FILE_0}\"\n";
			showEnvVarsInLog = 0;
		};
		D097D97D8C0D67EE1EC4564B /* [CP] Embed Pods Frameworks */ = {
			isa = PBXShellScriptBuildPhase;
			buildActionMask = 2147483647;
			files = (
			);
			inputFileListPaths = (
				"${PODS_ROOT}/Target Support Files/Pods-Increment/Pods-Increment-frameworks-${CONFIGURATION}-input-files.xcfilelist",
			);
			name = "[CP] Embed Pods Frameworks";
			outputFileListPaths = (
				"${PODS_ROOT}/Target Support Files/Pods-Increment/Pods-Increment-frameworks-${CONFIGURATION}-output-files.xcfilelist",
			);
			runOnlyForDeploymentPostprocessing = 0;
			shellPath = /bin/sh;
			shellScript = "\"${PODS_ROOT}/Target Support Files/Pods-Increment/Pods-Increment-frameworks.sh\"\n";
			showEnvVarsInLog = 0;
		};
		E34D78155A2497CE58944BAD /* [CP] Check Pods Manifest.lock */ = {
			isa = PBXShellScriptBuildPhase;
			buildActionMask = 2147483647;
			files = (
			);
			inputFileListPaths = (
			);
			inputPaths = (
				"${PODS_PODFILE_DIR_PATH}/Podfile.lock",
				"${PODS_ROOT}/Manifest.lock",
			);
			name = "[CP] Check Pods Manifest.lock";
			outputFileListPaths = (
			);
			outputPaths = (
				"$(DERIVED_FILE_DIR)/Pods-Increment-checkManifestLockResult.txt",
			);
			runOnlyForDeploymentPostprocessing = 0;
			shellPath = /bin/sh;
			shellScript = "diff \"${PODS_PODFILE_DIR_PATH}/Podfile.lock\" \"${PODS_ROOT}/Manifest.lock\" > /dev/null\nif [ $? != 0 ] ; then\n    # print error to STDERR\n    echo \"error: The sandbox is not in sync with the Podfile.lock. Run 'pod install' or update your CocoaPods installation.\" >&2\n    exit 1\nfi\n# This output is used by Xcode 'outputs' to avoid re-running this script phase.\necho \"SUCCESS\" > \"${SCRIPT_OUTPUT_FILE_0}\"\n";
			showEnvVarsInLog = 0;
		};
/* End PBXShellScriptBuildPhase section */

/* Begin PBXSourcesBuildPhase section */
		02D842B326A27ADD00C83BA1 /* Sources */ = {
			isa = PBXSourcesBuildPhase;
			buildActionMask = 2147483647;
			files = (
				02827B0E26C10F4400DB86E6 /* ChallengeListViewModel.swift in Sources */,
				02827B0626BB9BE800DB86E6 /* AuthPublisher.swift in Sources */,
				02D842E626A2826C00C83BA1 /* PrimaryButtonStyle.swift in Sources */,
				02D842BD26A27ADD00C83BA1 /* LandingView.swift in Sources */,
				02D842BB26A27ADD00C83BA1 /* IncrementApp.swift in Sources */,
				02E2E57426CA430F00FFFA22 /* ChallengeItemViewModel.swift in Sources */,
				024838D726A52CE200B96D24 /* DropdownItemProtocol.swift in Sources */,
				02827AFF26BA466B00DB86E6 /* Challenge.swift in Sources */,
				02D842E826A2845E00C83BA1 /* ColorExtensions.swift in Sources */,
				024838D526A52C0400B96D24 /* CreateChallengeViewModel.swift in Sources */,
				02D340FA26B9052500145932 /* UserService.swift in Sources */,
				02827B0826C08FD000DB86E6 /* TabContainerView.swift in Sources */,
				02827B1026C1103600DB86E6 /* QuerySnapshotPublisher.swift in Sources */,
				029691DA26A415C000B2AA5D /* RemindView.swift in Sources */,
				02827B0C26C10F1400DB86E6 /* ChallengeListView.swift in Sources */,
				02827B0126BA476A00DB86E6 /* ChallengeService.swift in Sources */,
				02827B0A26C0904900DB86E6 /* TabContainerViewModel.swift in Sources */,
				023F642D26A4089D001DCF6B /* CreateView.swift in Sources */,
				023F642F26A40943001DCF6B /* DropdownView.swift in Sources */,
				02827B0326BA777200DB86E6 /* IncrementError.swift in Sources */,
			);
			runOnlyForDeploymentPostprocessing = 0;
		};
		02D842C426A27ADE00C83BA1 /* Sources */ = {
			isa = PBXSourcesBuildPhase;
			buildActionMask = 2147483647;
			files = (
				02D842CD26A27ADE00C83BA1 /* IncrementTests.swift in Sources */,
			);
			runOnlyForDeploymentPostprocessing = 0;
		};
		02D842CF26A27ADE00C83BA1 /* Sources */ = {
			isa = PBXSourcesBuildPhase;
			buildActionMask = 2147483647;
			files = (
				02D842D826A27ADE00C83BA1 /* IncrementUITests.swift in Sources */,
			);
			runOnlyForDeploymentPostprocessing = 0;
		};
/* End PBXSourcesBuildPhase section */

/* Begin PBXTargetDependency section */
		02D842CA26A27ADE00C83BA1 /* PBXTargetDependency */ = {
			isa = PBXTargetDependency;
			target = 02D842B626A27ADD00C83BA1 /* Increment */;
			targetProxy = 02D842C926A27ADE00C83BA1 /* PBXContainerItemProxy */;
		};
		02D842D526A27ADE00C83BA1 /* PBXTargetDependency */ = {
			isa = PBXTargetDependency;
			target = 02D842B626A27ADD00C83BA1 /* Increment */;
			targetProxy = 02D842D426A27ADE00C83BA1 /* PBXContainerItemProxy */;
		};
/* End PBXTargetDependency section */

/* Begin XCBuildConfiguration section */
		02D842DA26A27ADE00C83BA1 /* Debug */ = {
			isa = XCBuildConfiguration;
			buildSettings = {
				ALWAYS_SEARCH_USER_PATHS = NO;
				CLANG_ANALYZER_NONNULL = YES;
				CLANG_ANALYZER_NUMBER_OBJECT_CONVERSION = YES_AGGRESSIVE;
				CLANG_CXX_LANGUAGE_STANDARD = "gnu++14";
				CLANG_CXX_LIBRARY = "libc++";
				CLANG_ENABLE_MODULES = YES;
				CLANG_ENABLE_OBJC_ARC = YES;
				CLANG_ENABLE_OBJC_WEAK = YES;
				CLANG_WARN_BLOCK_CAPTURE_AUTORELEASING = YES;
				CLANG_WARN_BOOL_CONVERSION = YES;
				CLANG_WARN_COMMA = YES;
				CLANG_WARN_CONSTANT_CONVERSION = YES;
				CLANG_WARN_DEPRECATED_OBJC_IMPLEMENTATIONS = YES;
				CLANG_WARN_DIRECT_OBJC_ISA_USAGE = YES_ERROR;
				CLANG_WARN_DOCUMENTATION_COMMENTS = YES;
				CLANG_WARN_EMPTY_BODY = YES;
				CLANG_WARN_ENUM_CONVERSION = YES;
				CLANG_WARN_INFINITE_RECURSION = YES;
				CLANG_WARN_INT_CONVERSION = YES;
				CLANG_WARN_NON_LITERAL_NULL_CONVERSION = YES;
				CLANG_WARN_OBJC_IMPLICIT_RETAIN_SELF = YES;
				CLANG_WARN_OBJC_LITERAL_CONVERSION = YES;
				CLANG_WARN_OBJC_ROOT_CLASS = YES_ERROR;
				CLANG_WARN_QUOTED_INCLUDE_IN_FRAMEWORK_HEADER = YES;
				CLANG_WARN_RANGE_LOOP_ANALYSIS = YES;
				CLANG_WARN_STRICT_PROTOTYPES = YES;
				CLANG_WARN_SUSPICIOUS_MOVE = YES;
				CLANG_WARN_UNGUARDED_AVAILABILITY = YES_AGGRESSIVE;
				CLANG_WARN_UNREACHABLE_CODE = YES;
				CLANG_WARN__DUPLICATE_METHOD_MATCH = YES;
				COPY_PHASE_STRIP = NO;
				DEBUG_INFORMATION_FORMAT = dwarf;
				ENABLE_STRICT_OBJC_MSGSEND = YES;
				ENABLE_TESTABILITY = YES;
				GCC_C_LANGUAGE_STANDARD = gnu11;
				GCC_DYNAMIC_NO_PIC = NO;
				GCC_NO_COMMON_BLOCKS = YES;
				GCC_OPTIMIZATION_LEVEL = 0;
				GCC_PREPROCESSOR_DEFINITIONS = (
					"DEBUG=1",
					"$(inherited)",
				);
				GCC_WARN_64_TO_32_BIT_CONVERSION = YES;
				GCC_WARN_ABOUT_RETURN_TYPE = YES_ERROR;
				GCC_WARN_UNDECLARED_SELECTOR = YES;
				GCC_WARN_UNINITIALIZED_AUTOS = YES_AGGRESSIVE;
				GCC_WARN_UNUSED_FUNCTION = YES;
				GCC_WARN_UNUSED_VARIABLE = YES;
				IPHONEOS_DEPLOYMENT_TARGET = 14.5;
				MTL_ENABLE_DEBUG_INFO = INCLUDE_SOURCE;
				MTL_FAST_MATH = YES;
				ONLY_ACTIVE_ARCH = YES;
				SDKROOT = iphoneos;
				SWIFT_ACTIVE_COMPILATION_CONDITIONS = DEBUG;
				SWIFT_OPTIMIZATION_LEVEL = "-Onone";
			};
			name = Debug;
		};
		02D842DB26A27ADE00C83BA1 /* Release */ = {
			isa = XCBuildConfiguration;
			buildSettings = {
				ALWAYS_SEARCH_USER_PATHS = NO;
				CLANG_ANALYZER_NONNULL = YES;
				CLANG_ANALYZER_NUMBER_OBJECT_CONVERSION = YES_AGGRESSIVE;
				CLANG_CXX_LANGUAGE_STANDARD = "gnu++14";
				CLANG_CXX_LIBRARY = "libc++";
				CLANG_ENABLE_MODULES = YES;
				CLANG_ENABLE_OBJC_ARC = YES;
				CLANG_ENABLE_OBJC_WEAK = YES;
				CLANG_WARN_BLOCK_CAPTURE_AUTORELEASING = YES;
				CLANG_WARN_BOOL_CONVERSION = YES;
				CLANG_WARN_COMMA = YES;
				CLANG_WARN_CONSTANT_CONVERSION = YES;
				CLANG_WARN_DEPRECATED_OBJC_IMPLEMENTATIONS = YES;
				CLANG_WARN_DIRECT_OBJC_ISA_USAGE = YES_ERROR;
				CLANG_WARN_DOCUMENTATION_COMMENTS = YES;
				CLANG_WARN_EMPTY_BODY = YES;
				CLANG_WARN_ENUM_CONVERSION = YES;
				CLANG_WARN_INFINITE_RECURSION = YES;
				CLANG_WARN_INT_CONVERSION = YES;
				CLANG_WARN_NON_LITERAL_NULL_CONVERSION = YES;
				CLANG_WARN_OBJC_IMPLICIT_RETAIN_SELF = YES;
				CLANG_WARN_OBJC_LITERAL_CONVERSION = YES;
				CLANG_WARN_OBJC_ROOT_CLASS = YES_ERROR;
				CLANG_WARN_QUOTED_INCLUDE_IN_FRAMEWORK_HEADER = YES;
				CLANG_WARN_RANGE_LOOP_ANALYSIS = YES;
				CLANG_WARN_STRICT_PROTOTYPES = YES;
				CLANG_WARN_SUSPICIOUS_MOVE = YES;
				CLANG_WARN_UNGUARDED_AVAILABILITY = YES_AGGRESSIVE;
				CLANG_WARN_UNREACHABLE_CODE = YES;
				CLANG_WARN__DUPLICATE_METHOD_MATCH = YES;
				COPY_PHASE_STRIP = NO;
				DEBUG_INFORMATION_FORMAT = "dwarf-with-dsym";
				ENABLE_NS_ASSERTIONS = NO;
				ENABLE_STRICT_OBJC_MSGSEND = YES;
				GCC_C_LANGUAGE_STANDARD = gnu11;
				GCC_NO_COMMON_BLOCKS = YES;
				GCC_WARN_64_TO_32_BIT_CONVERSION = YES;
				GCC_WARN_ABOUT_RETURN_TYPE = YES_ERROR;
				GCC_WARN_UNDECLARED_SELECTOR = YES;
				GCC_WARN_UNINITIALIZED_AUTOS = YES_AGGRESSIVE;
				GCC_WARN_UNUSED_FUNCTION = YES;
				GCC_WARN_UNUSED_VARIABLE = YES;
				IPHONEOS_DEPLOYMENT_TARGET = 14.5;
				MTL_ENABLE_DEBUG_INFO = NO;
				MTL_FAST_MATH = YES;
				SDKROOT = iphoneos;
				SWIFT_COMPILATION_MODE = wholemodule;
				SWIFT_OPTIMIZATION_LEVEL = "-O";
				VALIDATE_PRODUCT = YES;
			};
			name = Release;
		};
		02D842DD26A27ADE00C83BA1 /* Debug */ = {
			isa = XCBuildConfiguration;
			baseConfigurationReference = FFBCE3ECED35669B003B01CD /* Pods-Increment.debug.xcconfig */;
			buildSettings = {
				ASSETCATALOG_COMPILER_APPICON_NAME = AppIcon;
				ASSETCATALOG_COMPILER_GLOBAL_ACCENT_COLOR_NAME = AccentColor;
				CODE_SIGN_STYLE = Automatic;
				DEVELOPMENT_ASSET_PATHS = "\"Increment/Preview Content\"";
				DEVELOPMENT_TEAM = 3PHP3XA64F;
				ENABLE_PREVIEWS = YES;
				INFOPLIST_FILE = Increment/Info.plist;
				IPHONEOS_DEPLOYMENT_TARGET = 14.0;
				LD_RUNPATH_SEARCH_PATHS = (
					"$(inherited)",
					"@executable_path/Frameworks",
				);
				PRODUCT_BUNDLE_IDENTIFIER = devwithlove.Increment;
				PRODUCT_NAME = "$(TARGET_NAME)";
				SWIFT_VERSION = 5.0;
				TARGETED_DEVICE_FAMILY = "1,2";
			};
			name = Debug;
		};
		02D842DE26A27ADE00C83BA1 /* Release */ = {
			isa = XCBuildConfiguration;
			baseConfigurationReference = C7659F3D700C012AADA850CC /* Pods-Increment.release.xcconfig */;
			buildSettings = {
				ASSETCATALOG_COMPILER_APPICON_NAME = AppIcon;
				ASSETCATALOG_COMPILER_GLOBAL_ACCENT_COLOR_NAME = AccentColor;
				CODE_SIGN_STYLE = Automatic;
				DEVELOPMENT_ASSET_PATHS = "\"Increment/Preview Content\"";
				DEVELOPMENT_TEAM = 3PHP3XA64F;
				ENABLE_PREVIEWS = YES;
				INFOPLIST_FILE = Increment/Info.plist;
				IPHONEOS_DEPLOYMENT_TARGET = 14.0;
				LD_RUNPATH_SEARCH_PATHS = (
					"$(inherited)",
					"@executable_path/Frameworks",
				);
				PRODUCT_BUNDLE_IDENTIFIER = devwithlove.Increment;
				PRODUCT_NAME = "$(TARGET_NAME)";
				SWIFT_VERSION = 5.0;
				TARGETED_DEVICE_FAMILY = "1,2";
			};
			name = Release;
		};
		02D842E026A27ADE00C83BA1 /* Debug */ = {
			isa = XCBuildConfiguration;
			baseConfigurationReference = F2587E283A245684180DEB7E /* Pods-IncrementTests.debug.xcconfig */;
			buildSettings = {
				ALWAYS_EMBED_SWIFT_STANDARD_LIBRARIES = YES;
				BUNDLE_LOADER = "$(TEST_HOST)";
				CODE_SIGN_STYLE = Automatic;
				DEVELOPMENT_TEAM = 3PHP3XA64F;
				INFOPLIST_FILE = IncrementTests/Info.plist;
				IPHONEOS_DEPLOYMENT_TARGET = 14.0;
				LD_RUNPATH_SEARCH_PATHS = (
					"$(inherited)",
					"@executable_path/Frameworks",
					"@loader_path/Frameworks",
				);
				PRODUCT_BUNDLE_IDENTIFIER = devwithlove.IncrementTests;
				PRODUCT_NAME = "$(TARGET_NAME)";
				SWIFT_VERSION = 5.0;
				TARGETED_DEVICE_FAMILY = "1,2";
				TEST_HOST = "$(BUILT_PRODUCTS_DIR)/Increment.app/Increment";
			};
			name = Debug;
		};
		02D842E126A27ADE00C83BA1 /* Release */ = {
			isa = XCBuildConfiguration;
			baseConfigurationReference = 0E3492323706E5CD8A521264 /* Pods-IncrementTests.release.xcconfig */;
			buildSettings = {
				ALWAYS_EMBED_SWIFT_STANDARD_LIBRARIES = YES;
				BUNDLE_LOADER = "$(TEST_HOST)";
				CODE_SIGN_STYLE = Automatic;
				DEVELOPMENT_TEAM = 3PHP3XA64F;
				INFOPLIST_FILE = IncrementTests/Info.plist;
				IPHONEOS_DEPLOYMENT_TARGET = 14.0;
				LD_RUNPATH_SEARCH_PATHS = (
					"$(inherited)",
					"@executable_path/Frameworks",
					"@loader_path/Frameworks",
				);
				PRODUCT_BUNDLE_IDENTIFIER = devwithlove.IncrementTests;
				PRODUCT_NAME = "$(TARGET_NAME)";
				SWIFT_VERSION = 5.0;
				TARGETED_DEVICE_FAMILY = "1,2";
				TEST_HOST = "$(BUILT_PRODUCTS_DIR)/Increment.app/Increment";
			};
			name = Release;
		};
		02D842E326A27ADE00C83BA1 /* Debug */ = {
			isa = XCBuildConfiguration;
			baseConfigurationReference = 7D41C1F24E390FA0022B5AF4 /* Pods-Increment-IncrementUITests.debug.xcconfig */;
			buildSettings = {
				ALWAYS_EMBED_SWIFT_STANDARD_LIBRARIES = YES;
				CODE_SIGN_STYLE = Automatic;
				DEVELOPMENT_TEAM = 3PHP3XA64F;
				INFOPLIST_FILE = IncrementUITests/Info.plist;
				LD_RUNPATH_SEARCH_PATHS = (
					"$(inherited)",
					"@executable_path/Frameworks",
					"@loader_path/Frameworks",
				);
				PRODUCT_BUNDLE_IDENTIFIER = devwithlove.IncrementUITests;
				PRODUCT_NAME = "$(TARGET_NAME)";
				SWIFT_VERSION = 5.0;
				TARGETED_DEVICE_FAMILY = "1,2";
				TEST_TARGET_NAME = Increment;
			};
			name = Debug;
		};
		02D842E426A27ADE00C83BA1 /* Release */ = {
			isa = XCBuildConfiguration;
			baseConfigurationReference = 31A8DB6E679E853A3EECAC81 /* Pods-Increment-IncrementUITests.release.xcconfig */;
			buildSettings = {
				ALWAYS_EMBED_SWIFT_STANDARD_LIBRARIES = YES;
				CODE_SIGN_STYLE = Automatic;
				DEVELOPMENT_TEAM = 3PHP3XA64F;
				INFOPLIST_FILE = IncrementUITests/Info.plist;
				LD_RUNPATH_SEARCH_PATHS = (
					"$(inherited)",
					"@executable_path/Frameworks",
					"@loader_path/Frameworks",
				);
				PRODUCT_BUNDLE_IDENTIFIER = devwithlove.IncrementUITests;
				PRODUCT_NAME = "$(TARGET_NAME)";
				SWIFT_VERSION = 5.0;
				TARGETED_DEVICE_FAMILY = "1,2";
				TEST_TARGET_NAME = Increment;
			};
			name = Release;
		};
/* End XCBuildConfiguration section */

/* Begin XCConfigurationList section */
		02D842B226A27ADD00C83BA1 /* Build configuration list for PBXProject "Increment" */ = {
			isa = XCConfigurationList;
			buildConfigurations = (
				02D842DA26A27ADE00C83BA1 /* Debug */,
				02D842DB26A27ADE00C83BA1 /* Release */,
			);
			defaultConfigurationIsVisible = 0;
			defaultConfigurationName = Release;
		};
		02D842DC26A27ADE00C83BA1 /* Build configuration list for PBXNativeTarget "Increment" */ = {
			isa = XCConfigurationList;
			buildConfigurations = (
				02D842DD26A27ADE00C83BA1 /* Debug */,
				02D842DE26A27ADE00C83BA1 /* Release */,
			);
			defaultConfigurationIsVisible = 0;
			defaultConfigurationName = Release;
		};
		02D842DF26A27ADE00C83BA1 /* Build configuration list for PBXNativeTarget "IncrementTests" */ = {
			isa = XCConfigurationList;
			buildConfigurations = (
				02D842E026A27ADE00C83BA1 /* Debug */,
				02D842E126A27ADE00C83BA1 /* Release */,
			);
			defaultConfigurationIsVisible = 0;
			defaultConfigurationName = Release;
		};
		02D842E226A27ADE00C83BA1 /* Build configuration list for PBXNativeTarget "IncrementUITests" */ = {
			isa = XCConfigurationList;
			buildConfigurations = (
				02D842E326A27ADE00C83BA1 /* Debug */,
				02D842E426A27ADE00C83BA1 /* Release */,
			);
			defaultConfigurationIsVisible = 0;
			defaultConfigurationName = Release;
		};
/* End XCConfigurationList section */
	};
	rootObject = 02D842AF26A27ADD00C83BA1 /* Project object */;
}
